{
  "projects": [
    {
      "projectId": "caTPwKxj5ZrD9LQ7DMdK4Z",
      "version": "3.47.0",
      "dependencies": {},
      "lang": "ts",
      "fileLocks": [
        {
          "assetId": "caTPwKxj5ZrD9LQ7DMdK4Z",
          "type": "projectCss",
          "checksum": "56a5d447501c0753e4cf451641894e78"
        },
        {
          "assetId": "caTPwKxj5ZrD9LQ7DMdK4Z",
          "checksum": "efdcd613ac98718578f9c563cd75fd38",
          "type": "projectModule"
        },
        {
          "assetId": "caTPwKxj5ZrD9LQ7DMdK4Z",
          "checksum": "da63876a1ab2ffe408f66af115d28c46",
          "type": "styleTokensProvider"
        }
      ],
      "codegenVersion": "0.0.2"
    },
    {
      "projectId": "fKsvVS5XnenaZB1533Xwx5",
      "version": "latest",
      "dependencies": {
        "caTPwKxj5ZrD9LQ7DMdK4Z": "3.47.0"
      },
      "lang": "ts",
      "fileLocks": [
        {
          "type": "globalVariant",
          "assetId": "XgjDspWlOYRb",
          "checksum": "18b7ab0f52a3852884c7bb2591e5f6e0"
        },
        {
          "assetId": "fKsvVS5XnenaZB1533Xwx5",
          "checksum": "6b8b0e66d4962103b1d1ad20113149f7",
          "type": "projectModule"
        },
        {
          "assetId": "fKsvVS5XnenaZB1533Xwx5",
          "checksum": "a0fe18721f01da6cf236819ac82fb973",
          "type": "styleTokensProvider"
        },
        {
          "type": "renderModule",
          "assetId": "OI86U2J16OqJ",
          "checksum": "c47684313265ca501b3884208f8acd1d"
        },
        {
          "type": "cssRules",
          "assetId": "OI86U2J16OqJ",
          "checksum": "c47684313265ca501b3884208f8acd1d"
        },
        {
          "type": "renderModule",
          "assetId": "34RaKgzbnkM2",
          "checksum": "0b4302fe97ea35a7d1b77ac4df739213"
        },
        {
          "type": "cssRules",
          "assetId": "34RaKgzbnkM2",
          "checksum": "0b4302fe97ea35a7d1b77ac4df739213"
        },
        {
          "type": "icon",
          "assetId": "hSJ3Nz5m06-i",
          "checksum": "a93e852026b57b0c33eebaa51a9847e9"
        },
        {
          "type": "icon",
          "assetId": "KuDULaM8dChm",
          "checksum": "e1811a914ba57daf1eb46d8f56b0d59a"
        },
        {
          "type": "image",
          "assetId": "FzFAlCIY1jyC",
          "checksum": "d24fd4fcdfbe0ca35e6ccd2cdbed4214"
        },
        {
          "type": "icon",
          "assetId": "DXSTQ80UnIaK",
          "checksum": "f3c1430ebb3bb41d2c99caea919ad25b"
        },
        {
          "type": "renderModule",
          "assetId": "AcnUZfvf143O",
          "checksum": "1d03f1665411f29a4406282f9a4581b4"
        },
        {
          "type": "cssRules",
          "assetId": "AcnUZfvf143O",
          "checksum": "1d03f1665411f29a4406282f9a4581b4"
        },
        {
          "type": "icon",
          "assetId": "zxoMIvW6Akl7",
          "checksum": "aebe05873a79298447a3a66cbd800843"
        },
        {
          "type": "icon",
          "assetId": "mcM0_cfK3w_Q",
          "checksum": "db2d1a002a25e0bb5bba47f1c0149e29"
        },
        {
          "type": "icon",
          "assetId": "d6xwAhgFuRAT",
          "checksum": "552d06a62ee212a157d42f715c5ec814"
        },
        {
          "type": "icon",
          "assetId": "IVnyUYpybly8",
          "checksum": "9e18f1472d44c1cdfb01b2ade11a3b12"
        },
        {
          "type": "icon",
          "assetId": "96dMKEnsbWDf",
          "checksum": "7b607f2c803af2685428f893c6ddf4c1"
        },
        {
          "type": "icon",
          "assetId": "eBcKEzruN5_L",
          "checksum": "aaeddc9388ecf21718ab24d19f72268f"
        },
        {
          "type": "icon",
          "assetId": "41PeOaT4DtbB",
          "checksum": "f5a86ac6e6d63e0303885556fc4d6bd3"
        },
        {
          "type": "icon",
          "assetId": "-SnCIoFrsIAj",
          "checksum": "1737a0731d7dc05dbdf2753fedc56042"
        },
        {
          "type": "icon",
          "assetId": "B8HifbPtEA9W",
          "checksum": "16e102b00c63a1321dbd0087da204700"
        },
        {
          "type": "icon",
          "assetId": "Ydmyu9ZoCwig",
          "checksum": "4d8fe239d806eb1ca568fa488d108bfd"
        },
        {
          "type": "icon",
          "assetId": "URAiCb9tdkki",
          "checksum": "4486d8c6d9d93ba4e5468df9eeb408a7"
        },
        {
          "type": "icon",
          "assetId": "t8ZrtsyJpBC1",
          "checksum": "c19b1ec65e5bf2bf5e094bb9414d190f"
        },
        {
          "type": "icon",
          "assetId": "8wp36EsoJArA",
          "checksum": "a5099fb38c567f033e27add940ebde63"
        },
        {
          "type": "icon",
          "assetId": "LUUpoirJOIYI",
          "checksum": "ecbc1e513f121567754ccd5a8e977dba"
        },
        {
          "type": "icon",
          "assetId": "jg0xP48M7cWa",
          "checksum": "12c0abbf60bd3c5fbacec47bef9b6b38"
        },
        {
          "type": "icon",
          "assetId": "4F3rNj2SfV4b",
          "checksum": "607d9c0af5d0d2b865002151ca87a2ee"
        },
        {
          "type": "icon",
          "assetId": "bAyy2Q1Fh9Vl",
          "checksum": "d873c8d3fb2cd59734de52fe8bb053d9"
        },
        {
          "type": "icon",
          "assetId": "IjmbUWMwGAqS",
          "checksum": "2affbea6c07c11ebcea4f7d5d2435c33"
        },
        {
          "type": "icon",
          "assetId": "3mSPGa3ElJaY",
          "checksum": "b200bb2c771abb7f536808c30be1140a"
        },
        {
          "type": "renderModule",
          "assetId": "lkw848Ngoy7j",
          "checksum": "9cb061c5e13f0414b788359c49aad56a"
        },
        {
          "type": "cssRules",
          "assetId": "lkw848Ngoy7j",
          "checksum": "9cb061c5e13f0414b788359c49aad56a"
        },
        {
          "type": "icon",
          "assetId": "w5CBTUelss3U",
          "checksum": "1d757b38fc87a6a391e5737222c98b5d"
        },
        {
          "type": "icon",
          "assetId": "GoDXNUB0EB6B",
          "checksum": "dff0062ea777bac3a3679fc0c48aba11"
        },
        {
          "type": "image",
          "assetId": "THkDB7xp4Ccw",
          "checksum": "8faa5d3f3c37768c00eea1f789ba5ca2"
        },
        {
          "type": "image",
          "assetId": "D5a9znnkO4gt",
          "checksum": "4258da3811b25afb84562b7e7b97bca1"
        },
        {
          "type": "image",
          "assetId": "HYjZW7bPg7ka",
          "checksum": "8316c40f9481359c91b176fd8c9b7556"
        },
        {
          "type": "renderModule",
          "assetId": "vyxiNtjjOw4g",
          "checksum": "adf280c9ae2a94fb9368e55dacabc308"
        },
        {
          "type": "cssRules",
          "assetId": "vyxiNtjjOw4g",
          "checksum": "adf280c9ae2a94fb9368e55dacabc308"
        },
        {
          "type": "icon",
          "assetId": "1DSkTKJxHgDO",
          "checksum": "2848407c7ff2ed5b18abda791ba19792"
        },
        {
          "type": "icon",
          "assetId": "eAZZFTnJnJ5Z",
          "checksum": "216618854315d81ef31fce11bdf50a47"
        },
        {
          "type": "icon",
          "assetId": "RvB7o1TIMGOq",
          "checksum": "24096690d3ef6f7a9b4fa24fa50d345b"
        },
        {
          "type": "icon",
          "assetId": "KXn5n8L8LCYH",
          "checksum": "68352d891e891bcedf8a9aea4427058b"
        },
        {
          "type": "icon",
          "assetId": "nzwRuOQUg4_S",
          "checksum": "c10d3400128f4fb94ab2d24d88651ef2"
        },
        {
          "type": "icon",
          "assetId": "yio9us2wIplJ",
          "checksum": "cfbfd79256d5b4d03f29a9d67ddb1038"
        },
        {
          "type": "icon",
          "assetId": "xaKgo3gcm8tm",
          "checksum": "4fd2d17336413f603c7db3eb0ca6426e"
        },
        {
          "type": "icon",
          "assetId": "hVG-NOES9EtU",
          "checksum": "e2405ffa5270f6265bb2e3755f3b89fe"
        },
        {
          "type": "icon",
          "assetId": "gQGY3JuwxTSf",
          "checksum": "2a73e6143e969d941384e05020b6b395"
        },
        {
          "type": "icon",
          "assetId": "v_nPMrRo9l36",
          "checksum": "cd94dd87c3c75882ef15f131f2214ea6"
        },
        {
          "type": "icon",
          "assetId": "ySCbYXMYPZYM",
          "checksum": "97aa94139d64c230ad4933df2e2aa40e"
        },
        {
          "type": "icon",
          "assetId": "mjJmnHwXSh-R",
          "checksum": "dcfa11180a4ad9a9b9912252dcc2a802"
        },
        {
          "type": "renderModule",
          "assetId": "FDpmuApHNq5P",
          "checksum": "b425a7802f56528a927c4cf8e93675cb"
        },
        {
          "type": "cssRules",
          "assetId": "FDpmuApHNq5P",
          "checksum": "b425a7802f56528a927c4cf8e93675cb"
        },
        {
          "type": "renderModule",
          "assetId": "P8w_dzdP8xuY",
          "checksum": "559aae8870d30187d8617c02431e7c90"
        },
        {
          "type": "cssRules",
          "assetId": "P8w_dzdP8xuY",
          "checksum": "559aae8870d30187d8617c02431e7c90"
        },
        {
          "type": "renderModule",
          "assetId": "8LyxWn6KeajT",
          "checksum": "edfba54810183b422f9d637dc2770657"
        },
        {
          "type": "cssRules",
          "assetId": "8LyxWn6KeajT",
          "checksum": "edfba54810183b422f9d637dc2770657"
        },
        {
          "type": "renderModule",
          "assetId": "bMPCtW3NjzMH",
          "checksum": "d42ccbfd75a3ac0c3c0fa714260b52e5"
        },
        {
          "type": "cssRules",
          "assetId": "bMPCtW3NjzMH",
          "checksum": "d42ccbfd75a3ac0c3c0fa714260b52e5"
        },
        {
          "type": "renderModule",
          "assetId": "WRtOnZcwBRfA",
          "checksum": "561e127160111d43538c2e200ae02ca2"
        },
        {
          "type": "cssRules",
          "assetId": "WRtOnZcwBRfA",
          "checksum": "561e127160111d43538c2e200ae02ca2"
        },
        {
          "type": "renderModule",
          "assetId": "zYO_FfxY-_aN",
          "checksum": "7a40a0c1713a3aab79edf886a896cec1"
        },
        {
          "type": "cssRules",
          "assetId": "zYO_FfxY-_aN",
          "checksum": "7a40a0c1713a3aab79edf886a896cec1"
        },
        {
          "type": "renderModule",
          "assetId": "7ZF5tsQkPTrk",
          "checksum": "45a3f30b518ebb2abfeafa79a787dbd0"
        },
        {
          "type": "cssRules",
          "assetId": "7ZF5tsQkPTrk",
          "checksum": "45a3f30b518ebb2abfeafa79a787dbd0"
        },
        {
          "type": "renderModule",
          "assetId": "nQFVWtiUUUfB",
          "checksum": "abc31582e7ef036207fffc2234ee2714"
        },
        {
          "type": "cssRules",
          "assetId": "nQFVWtiUUUfB",
          "checksum": "abc31582e7ef036207fffc2234ee2714"
        },
        {
          "type": "renderModule",
          "assetId": "4HZWOYzIeBpo",
          "checksum": "12a112fbcb97734b83e3ff4288c1a48b"
        },
        {
          "type": "cssRules",
          "assetId": "4HZWOYzIeBpo",
          "checksum": "12a112fbcb97734b83e3ff4288c1a48b"
        },
        {
          "type": "renderModule",
          "assetId": "mTVCR0WtVqvB",
          "checksum": "495cfd024eec60eabcd461f399c1baf6"
        },
        {
          "type": "cssRules",
          "assetId": "mTVCR0WtVqvB",
          "checksum": "495cfd024eec60eabcd461f399c1baf6"
        },
        {
          "type": "icon",
          "assetId": "fjj0bXElbHRY",
          "checksum": "7e030ad1655ff23721d408cc0b88d19f"
        },
        {
          "type": "icon",
          "assetId": "0splylcoynac",
          "checksum": "a91bece6dc000f15ca6214e5e77085cb"
        },
        {
          "type": "icon",
          "assetId": "Bn1q4cbhV3iX",
          "checksum": "3426ff836c4eeaee5397f341ed5f60b9"
        },
        {
          "type": "icon",
          "assetId": "SblPtQiKCaIH",
          "checksum": "80877155e24e5c70228077d6c788af11"
        },
        {
          "type": "icon",
          "assetId": "qTyKt8q9cLe9",
          "checksum": "2a0bfecb25fe615aad773441b28f73e5"
        },
        {
          "type": "icon",
          "assetId": "2E5Q_54R4vQ5",
          "checksum": "ff5fee5a393c71b09a01940329137a14"
        },
        {
          "type": "image",
          "assetId": "hc4SRtMuQyl-",
          "checksum": "a17a5ad23058322542159bb49f226c16"
        },
        {
          "type": "icon",
          "assetId": "vb2qm85zbhWE",
          "checksum": "ce1709726b7ddbd8d41e117fdb7af118"
        },
        {
          "type": "icon",
          "assetId": "Srne4mVNsLJU",
          "checksum": "98f9140d5ebbc917910ee7f6fe91da34"
        },
        {
          "type": "icon",
          "assetId": "omxN7Fvt6PUz",
          "checksum": "2f67eff8f599487ce2de30cbda1d626a"
        },
        {
          "type": "icon",
          "assetId": "Q8BUWmPptTcP",
          "checksum": "971a9af803b84e9ef40b762d6aa34faf"
        },
        {
          "type": "renderModule",
          "assetId": "3-ESBXWrTc3V",
          "checksum": "c65ec66aff0640507894812b0b56fc70"
        },
        {
          "type": "cssRules",
          "assetId": "3-ESBXWrTc3V",
          "checksum": "c65ec66aff0640507894812b0b56fc70"
        },
        {
          "type": "icon",
          "assetId": "JhN1q1NZAQCI",
          "checksum": "e9adcd2ca44fe9a5357c59de44fcca09"
        },
        {
          "type": "icon",
          "assetId": "eDFyNm28uzac",
          "checksum": "0647f69e4c09ff5fe95733adc4dc0efb"
        },
        {
          "type": "renderModule",
          "assetId": "XbV9alcbm-AF",
          "checksum": "15209bbbc34c8567c0b3f8ab53bb27fe"
        },
        {
          "type": "cssRules",
          "assetId": "XbV9alcbm-AF",
          "checksum": "15209bbbc34c8567c0b3f8ab53bb27fe"
        },
        {
          "type": "renderModule",
          "assetId": "Jvzp_CwYp3lA",
          "checksum": "59679e28fa8a497a2f34a13f973450cb"
        },
        {
          "type": "cssRules",
          "assetId": "Jvzp_CwYp3lA",
          "checksum": "59679e28fa8a497a2f34a13f973450cb"
        },
        {
          "type": "renderModule",
          "assetId": "C-1uIGBhNyCF",
          "checksum": "67fc1c9dc8f9b9d816532c24a2b36a85"
        },
        {
          "type": "cssRules",
          "assetId": "C-1uIGBhNyCF",
          "checksum": "67fc1c9dc8f9b9d816532c24a2b36a85"
        },
        {
          "type": "renderModule",
          "assetId": "-F6KTATRxFF2",
          "checksum": "c991c744fde57310c6919f610ad0047f"
        },
        {
          "type": "cssRules",
          "assetId": "-F6KTATRxFF2",
          "checksum": "c991c744fde57310c6919f610ad0047f"
        },
        {
          "type": "renderModule",
          "assetId": "mGnsohGAM3V9",
          "checksum": "14e3743328dc484c3eaff27fa23b21b4"
        },
        {
          "type": "cssRules",
          "assetId": "mGnsohGAM3V9",
          "checksum": "14e3743328dc484c3eaff27fa23b21b4"
        },
        {
          "type": "renderModule",
          "assetId": "rvKSPrj2EOME",
          "checksum": "f9dde40c99f85984f1815164ba875049"
        },
        {
          "type": "cssRules",
          "assetId": "rvKSPrj2EOME",
          "checksum": "f9dde40c99f85984f1815164ba875049"
        },
        {
          "type": "renderModule",
          "assetId": "e261Hkwgc1uT",
          "checksum": "326e0f2be257326c8ef0610c7ab9c73f"
        },
        {
          "type": "cssRules",
          "assetId": "e261Hkwgc1uT",
          "checksum": "326e0f2be257326c8ef0610c7ab9c73f"
        },
        {
          "type": "renderModule",
          "assetId": "hasT-1YOyBbQ",
          "checksum": "08bbb4a601d5e9760fc7274f5c112204"
        },
        {
          "type": "cssRules",
          "assetId": "hasT-1YOyBbQ",
          "checksum": "08bbb4a601d5e9760fc7274f5c112204"
        },
        {
          "type": "renderModule",
          "assetId": "S7xqxCh9UkC-",
          "checksum": "e21c8dc2c0986b47a5dc2f5a237f88bb"
        },
        {
          "type": "cssRules",
          "assetId": "S7xqxCh9UkC-",
          "checksum": "e21c8dc2c0986b47a5dc2f5a237f88bb"
        },
        {
          "type": "renderModule",
          "assetId": "a45lIr96HUX6",
          "checksum": "3e72189bc4abee6c2a0a465e6337670a"
        },
        {
          "type": "cssRules",
          "assetId": "a45lIr96HUX6",
          "checksum": "3e72189bc4abee6c2a0a465e6337670a"
        },
        {
          "type": "renderModule",
          "assetId": "yajdKF_D85hV",
          "checksum": "c352377c97e05e320a85d1d31e6a4e2d"
        },
        {
          "type": "cssRules",
          "assetId": "yajdKF_D85hV",
          "checksum": "c352377c97e05e320a85d1d31e6a4e2d"
        },
        {
          "type": "renderModule",
          "assetId": "Ei3dj2clYi8m",
          "checksum": "eb09aea5820a60fce5858ce6a440ee33"
        },
        {
          "type": "cssRules",
          "assetId": "Ei3dj2clYi8m",
          "checksum": "eb09aea5820a60fce5858ce6a440ee33"
        },
        {
          "type": "renderModule",
          "assetId": "99p42zKvFBCc",
          "checksum": "8aa9afe99bbf6808f404cdc8fbc32b73"
        },
        {
          "type": "cssRules",
          "assetId": "99p42zKvFBCc",
          "checksum": "8aa9afe99bbf6808f404cdc8fbc32b73"
        },
        {
          "type": "renderModule",
          "assetId": "7hcpxa7fUsQr",
          "checksum": "88dcfb09c901bbc1bbb5114d16e3f481"
        },
        {
          "type": "cssRules",
          "assetId": "7hcpxa7fUsQr",
          "checksum": "88dcfb09c901bbc1bbb5114d16e3f481"
        },
        {
          "type": "renderModule",
          "assetId": "lqEi2PPEGNsC",
          "checksum": "57b0c4d7ca40f450f5dd49eaacbcd0c3"
        },
        {
          "type": "cssRules",
          "assetId": "lqEi2PPEGNsC",
          "checksum": "57b0c4d7ca40f450f5dd49eaacbcd0c3"
        },
        {
          "type": "renderModule",
          "assetId": "tT8ubOCYxEi6",
          "checksum": "e42c17519360d4a493cfb2b58cd8dbe9"
        },
        {
          "type": "cssRules",
          "assetId": "tT8ubOCYxEi6",
          "checksum": "e42c17519360d4a493cfb2b58cd8dbe9"
        },
        {
          "type": "renderModule",
          "assetId": "aOMyLm5fPsLZ",
          "checksum": "fb14cd465cb7554d661519cd725bf648"
        },
        {
          "type": "cssRules",
          "assetId": "aOMyLm5fPsLZ",
          "checksum": "fb14cd465cb7554d661519cd725bf648"
        },
        {
          "type": "renderModule",
          "assetId": "7Tx4ikCz5Jfw",
          "checksum": "73448c5eacc65a947951d43903e84c94"
        },
        {
          "type": "cssRules",
          "assetId": "7Tx4ikCz5Jfw",
          "checksum": "73448c5eacc65a947951d43903e84c94"
        },
        {
          "type": "icon",
          "assetId": "-NxJuZEYMUri",
          "checksum": "2e2caa3defdd36744202da6eca8d4a81"
        },
        {
          "type": "icon",
          "assetId": "x8a8y30xjfZo",
          "checksum": "3aa5284ab6b149c6759767ce7dfa4967"
        },
        {
          "type": "icon",
          "assetId": "NNXbqel-2EgC",
          "checksum": "7335e9322cc82347bc9db23ee6d09667"
        },
        {
          "type": "renderModule",
          "assetId": "c6l1zJVqzUP7",
          "checksum": "1f6d4a0f2646f5864325b7ec3bd88690"
        },
        {
          "type": "cssRules",
          "assetId": "c6l1zJVqzUP7",
          "checksum": "1f6d4a0f2646f5864325b7ec3bd88690"
        },
        {
          "type": "icon",
          "assetId": "CDNSUt2kYFWr",
          "checksum": "4ff7d919a7932627ce030f362f8a333d"
        },
        {
          "type": "renderModule",
          "assetId": "F5MIL-9TzQmo",
          "checksum": "8777362f0eb54ccb66d9821bd5de704e"
        },
        {
          "type": "cssRules",
          "assetId": "F5MIL-9TzQmo",
          "checksum": "8777362f0eb54ccb66d9821bd5de704e"
        },
        {
          "type": "icon",
          "assetId": "4yAUxwLLbNVI",
          "checksum": "3c2631909a95e88994844dd38d22bc0e"
        },
        {
          "type": "icon",
          "assetId": "yPw2r6PF5Lx4",
          "checksum": "4384d3d9bb0ff75a9dbf1edc937c4894"
        },
        {
          "type": "icon",
          "assetId": "e7anIF66FNNl",
          "checksum": "41b1c43c84f9f5582cc60fc550085028"
        },
        {
          "type": "icon",
          "assetId": "2DRB0xm4Rnlz",
          "checksum": "e1c0bbbdad59a3b7d16d7c9547ff7a4f"
        },
        {
          "assetId": "fKsvVS5XnenaZB1533Xwx5",
          "type": "projectCss",
          "checksum": "ed4b52f62f1927e0b004e0be440579e8"
        }
      ],
      "codegenVersion": "0.0.2"
    }
  ],
  "cliVersion": "0.1.347"
}
