{
  "projects": [
    {
      "projectId": "caTPwKxj5ZrD9LQ7DMdK4Z",
      "version": "3.47.0",
      "dependencies": {},
      "lang": "ts",
      "fileLocks": [
        {
          "assetId": "caTPwKxj5ZrD9LQ7DMdK4Z",
          "type": "projectCss",
          "checksum": "56a5d447501c0753e4cf451641894e78"
        },
        {
          "assetId": "caTPwKxj5ZrD9LQ7DMdK4Z",
          "checksum": "efdcd613ac98718578f9c563cd75fd38",
          "type": "projectModule"
        },
        {
          "assetId": "caTPwKxj5ZrD9LQ7DMdK4Z",
          "checksum": "da63876a1ab2ffe408f66af115d28c46",
          "type": "styleTokensProvider"
        }
      ],
      "codegenVersion": "0.0.2"
    },
    {
      "projectId": "fKsvVS5XnenaZB1533Xwx5",
      "version": "latest",
      "dependencies": {
        "caTPwKxj5ZrD9LQ7DMdK4Z": "3.47.0"
      },
      "lang": "ts",
      "fileLocks": [
        {
          "type": "globalVariant",
          "assetId": "XgjDspWlOYRb",
          "checksum": "18b7ab0f52a3852884c7bb2591e5f6e0"
        },
        {
          "assetId": "fKsvVS5XnenaZB1533Xwx5",
          "checksum": "6b8b0e66d4962103b1d1ad20113149f7",
          "type": "projectModule"
        },
        {
          "assetId": "fKsvVS5XnenaZB1533Xwx5",
          "checksum": "a0fe18721f01da6cf236819ac82fb973",
          "type": "styleTokensProvider"
        },
        {
          "type": "renderModule",
          "assetId": "OI86U2J16OqJ",
          "checksum": "8e272fc45b893701d0905e59527c19c4"
        },
        {
          "type": "cssRules",
          "assetId": "OI86U2J16OqJ",
          "checksum": "8e272fc45b893701d0905e59527c19c4"
        },
        {
          "type": "renderModule",
          "assetId": "34RaKgzbnkM2",
          "checksum": "940dd07395650f1a07a6a16f240ddcb1"
        },
        {
          "type": "cssRules",
          "assetId": "34RaKgzbnkM2",
          "checksum": "940dd07395650f1a07a6a16f240ddcb1"
        },
        {
          "type": "icon",
          "assetId": "hSJ3Nz5m06-i",
          "checksum": "a93e852026b57b0c33eebaa51a9847e9"
        },
        {
          "type": "icon",
          "assetId": "KuDULaM8dChm",
          "checksum": "e1811a914ba57daf1eb46d8f56b0d59a"
        },
        {
          "type": "image",
          "assetId": "FzFAlCIY1jyC",
          "checksum": "d24fd4fcdfbe0ca35e6ccd2cdbed4214"
        },
        {
          "type": "icon",
          "assetId": "DXSTQ80UnIaK",
          "checksum": "f3c1430ebb3bb41d2c99caea919ad25b"
        },
        {
          "type": "renderModule",
          "assetId": "AcnUZfvf143O",
          "checksum": "a9b1ba2eb63ec23ba7286abbf46a1601"
        },
        {
          "type": "cssRules",
          "assetId": "AcnUZfvf143O",
          "checksum": "a9b1ba2eb63ec23ba7286abbf46a1601"
        },
        {
          "type": "icon",
          "assetId": "zxoMIvW6Akl7",
          "checksum": "aebe05873a79298447a3a66cbd800843"
        },
        {
          "type": "icon",
          "assetId": "mcM0_cfK3w_Q",
          "checksum": "db2d1a002a25e0bb5bba47f1c0149e29"
        },
        {
          "type": "icon",
          "assetId": "d6xwAhgFuRAT",
          "checksum": "552d06a62ee212a157d42f715c5ec814"
        },
        {
          "type": "icon",
          "assetId": "IVnyUYpybly8",
          "checksum": "9e18f1472d44c1cdfb01b2ade11a3b12"
        },
        {
          "type": "icon",
          "assetId": "96dMKEnsbWDf",
          "checksum": "7b607f2c803af2685428f893c6ddf4c1"
        },
        {
          "type": "icon",
          "assetId": "eBcKEzruN5_L",
          "checksum": "3c97fefb372f9c40384a586fdef25003"
        },
        {
          "type": "icon",
          "assetId": "41PeOaT4DtbB",
          "checksum": "f5a86ac6e6d63e0303885556fc4d6bd3"
        },
        {
          "type": "icon",
          "assetId": "-SnCIoFrsIAj",
          "checksum": "1737a0731d7dc05dbdf2753fedc56042"
        },
        {
          "type": "icon",
          "assetId": "B8HifbPtEA9W",
          "checksum": "16e102b00c63a1321dbd0087da204700"
        },
        {
          "type": "icon",
          "assetId": "Ydmyu9ZoCwig",
          "checksum": "4d8fe239d806eb1ca568fa488d108bfd"
        },
        {
          "type": "icon",
          "assetId": "URAiCb9tdkki",
          "checksum": "4486d8c6d9d93ba4e5468df9eeb408a7"
        },
        {
          "assetId": "fKsvVS5XnenaZB1533Xwx5",
          "type": "projectCss",
          "checksum": "e4d34f8d5d85480360eb5aaf5511909a"
        }
      ],
      "codegenVersion": "0.0.2"
    }
  ],
  "cliVersion": "0.1.347"
}
